
Microsoft Visual Studio Solution File, Format Version 12.00
# Visual Studio Version 16
VisualStudioVersion = 16.0.29411.138
MinimumVisualStudioVersion = 10.0.40219.1
Project("{2150E333-8FDC-42A3-9474-1A3956D46DE8}") = "_Services", "_Services", "{1805282C-6ECF-44ED-A300-5AA9FC7E5A84}"
EndProject
Project("{2150E333-8FDC-42A3-9474-1A3956D46DE8}") = "Escolas", "Escolas", "{A6D995D1-7C48-444D-89A3-BF8EEBC1A3E1}"
EndProject
Project("{9A19103F-16F7-4668-BE54-9A1E7A4F7556}") = "d1000.Common", "d1000.Common\d1000.Common.csproj", "{EB8635BD-CACA-40A6-99E1-C8DF40CD0AB3}"
EndProject
Project("{2150E333-8FDC-42A3-9474-1A3956D46DE8}") = "Shared", "Shared", "{3249A53B-D465-449E-9E5E-3E1279571127}"
EndProject
Project("{2150E333-8FDC-42A3-9474-1A3956D46DE8}") = "Core", "Core", "{3BDF1349-CC50-45F8-A5C8-5B01D13C6399}"
EndProject
Project("{2150E333-8FDC-42A3-9474-1A3956D46DE8}") = "Infrastructure", "Infrastructure", "{7E12E5E6-A6D7-4603-BC05-9956BE8BD406}"
EndProject
Project("{2150E333-8FDC-42A3-9474-1A3956D46DE8}") = "Application", "Application", "{D45D4FDE-BD6B-4A05-A70B-4EA4BA38F213}"
EndProject
Project("{9A19103F-16F7-4668-BE54-9A1E7A4F7556}") = "d1000.Common.Application", "Application\d1000.Common.Application\d1000.Common.Application.csproj", "{208C53FD-F75D-414E-B98A-4F845941925A}"
EndProject
Project("{9A19103F-16F7-4668-BE54-9A1E7A4F7556}") = "d1000.Common.Infrastructure", "Infrastructure\d1000.Common.Infrastructure\d1000.Common.Infrastructure.csproj", "{E477F395-0402-4F4E-A9E8-320FEF45DEE9}"
EndProject
Project("{9A19103F-16F7-4668-BE54-9A1E7A4F7556}") = "d1000.Common.Domain", "Core\d1000.Common.Domain\d1000.Common.Domain.csproj", "{C209D649-4457-4317-949B-F1451EB5462B}"
EndProject
Project("{2150E333-8FDC-42A3-9474-1A3956D46DE8}") = "Application", "Application", "{F70C5DDE-1D7E-41BE-9207-56005F89E628}"
EndProject
Project("{2150E333-8FDC-42A3-9474-1A3956D46DE8}") = "Core", "Core", "{DE407471-F98D-4432-93B4-444D8F580E81}"
EndProject
Project("{2150E333-8FDC-42A3-9474-1A3956D46DE8}") = "Infrastructure", "Infrastructure", "{2B119F5B-1327-4BC2-BECF-FB30700AD58B}"
EndProject
Project("{9A19103F-16F7-4668-BE54-9A1E7A4F7556}") = "Shared.Domain", "Shared\Core\Shared.Domain\Shared.Domain.csproj", "{FCDC3472-5B3E-4B71-BD06-FA6F685D585A}"
EndProject
Project("{9A19103F-16F7-4668-BE54-9A1E7A4F7556}") = "Shared.Application", "Shared\Application\Shared.Application\Shared.Application.csproj", "{E9D1F6E1-4CE3-4E7F-96CB-B713C194D787}"
EndProject
Project("{9A19103F-16F7-4668-BE54-9A1E7A4F7556}") = "Shared.Infrastructure", "Shared.Infrastructure\Shared.Infrastructure.csproj", "{C0457D0B-097E-4AD9-BF63-3436E6AA2058}"
EndProject
Project("{2150E333-8FDC-42A3-9474-1A3956D46DE8}") = "CrossCutting", "CrossCutting", "{B202C8EC-9EF7-4840-845B-24A2A691D5B7}"
EndProject
Project("{9A19103F-16F7-4668-BE54-9A1E7A4F7556}") = "d1000.Common.CrossCutting", "CrossCutting\d1000.Common.CrossCutting\d1000.Common.CrossCutting.csproj", "{B844114D-1EAF-471C-AECE-7E1658528A9A}"
EndProject
Project("{2150E333-8FDC-42A3-9474-1A3956D46DE8}") = "CrossCutting", "CrossCutting", "{BDF49ADD-F364-4430-8B43-AB39E8AB5D6B}"
EndProject
Project("{9A19103F-16F7-4668-BE54-9A1E7A4F7556}") = "Shared.Tools", "Shared\CrossCutting\Shared.Tools\Shared.Tools.csproj", "{75BF79FE-11F1-4D41-BABA-EF1FEDEC977F}"
EndProject
Project("{2150E333-8FDC-42A3-9474-1A3956D46DE8}") = "Base", "Base", "{C49385B1-6BCF-461E-8CE9-518E94E26F0E}"
EndProject
Project("{9A19103F-16F7-4668-BE54-9A1E7A4F7556}") = "d1000.Services.Base.API", "Services\Base\d1000.Services.Base.API\d1000.Services.Base.API.csproj", "{03729988-E41A-4C3D-952C-F918776569F8}"
EndProject
Project("{2150E333-8FDC-42A3-9474-1A3956D46DE8}") = "Automation", "Automation", "{80B8B701-A9BA-4CB3-957D-1DD697637FBA}"
EndProject
Project("{9A19103F-16F7-4668-BE54-9A1E7A4F7556}") = "d1000.Services.Escolas.API", "Services\Escolas\d1000.Services.Escolas.API\d1000.Services.Escolas.API.csproj", "{55557180-5AEA-4194-B4E4-E057EDF59E44}"
EndProject
Project("{2150E333-8FDC-42A3-9474-1A3956D46DE8}") = "Alunos", "Alunos", "{3E4DAB81-997C-467F-9E89-690E9688EC3B}"
EndProject
Project("{9A19103F-16F7-4668-BE54-9A1E7A4F7556}") = "d1000.Services.Alunos.API", "Services\Alunos\d1000.Services.Alunos.API\d1000.Services.Alunos.API.csproj", "{4B88D126-D417-44EA-9279-123293202BEA}"
EndProject
Global
	GlobalSection(SolutionConfigurationPlatforms) = preSolution
		Debug|Any CPU = Debug|Any CPU
		Release|Any CPU = Release|Any CPU
	EndGlobalSection
	GlobalSection(ProjectConfigurationPlatforms) = postSolution
		{EB8635BD-CACA-40A6-99E1-C8DF40CD0AB3}.Debug|Any CPU.ActiveCfg = Debug|Any CPU
		{EB8635BD-CACA-40A6-99E1-C8DF40CD0AB3}.Debug|Any CPU.Build.0 = Debug|Any CPU
		{EB8635BD-CACA-40A6-99E1-C8DF40CD0AB3}.Release|Any CPU.ActiveCfg = Release|Any CPU
		{EB8635BD-CACA-40A6-99E1-C8DF40CD0AB3}.Release|Any CPU.Build.0 = Release|Any CPU
		{208C53FD-F75D-414E-B98A-4F845941925A}.Debug|Any CPU.ActiveCfg = Debug|Any CPU
		{208C53FD-F75D-414E-B98A-4F845941925A}.Debug|Any CPU.Build.0 = Debug|Any CPU
		{208C53FD-F75D-414E-B98A-4F845941925A}.Release|Any CPU.ActiveCfg = Release|Any CPU
		{208C53FD-F75D-414E-B98A-4F845941925A}.Release|Any CPU.Build.0 = Release|Any CPU
		{E477F395-0402-4F4E-A9E8-320FEF45DEE9}.Debug|Any CPU.ActiveCfg = Debug|Any CPU
		{E477F395-0402-4F4E-A9E8-320FEF45DEE9}.Debug|Any CPU.Build.0 = Debug|Any CPU
		{E477F395-0402-4F4E-A9E8-320FEF45DEE9}.Release|Any CPU.ActiveCfg = Release|Any CPU
		{E477F395-0402-4F4E-A9E8-320FEF45DEE9}.Release|Any CPU.Build.0 = Release|Any CPU
		{C209D649-4457-4317-949B-F1451EB5462B}.Debug|Any CPU.ActiveCfg = Debug|Any CPU
		{C209D649-4457-4317-949B-F1451EB5462B}.Debug|Any CPU.Build.0 = Debug|Any CPU
		{C209D649-4457-4317-949B-F1451EB5462B}.Release|Any CPU.ActiveCfg = Release|Any CPU
		{C209D649-4457-4317-949B-F1451EB5462B}.Release|Any CPU.Build.0 = Release|Any CPU
		{FCDC3472-5B3E-4B71-BD06-FA6F685D585A}.Debug|Any CPU.ActiveCfg = Debug|Any CPU
		{FCDC3472-5B3E-4B71-BD06-FA6F685D585A}.Debug|Any CPU.Build.0 = Debug|Any CPU
		{FCDC3472-5B3E-4B71-BD06-FA6F685D585A}.Release|Any CPU.ActiveCfg = Release|Any CPU
		{FCDC3472-5B3E-4B71-BD06-FA6F685D585A}.Release|Any CPU.Build.0 = Release|Any CPU
		{E9D1F6E1-4CE3-4E7F-96CB-B713C194D787}.Debug|Any CPU.ActiveCfg = Debug|Any CPU
		{E9D1F6E1-4CE3-4E7F-96CB-B713C194D787}.Debug|Any CPU.Build.0 = Debug|Any CPU
		{E9D1F6E1-4CE3-4E7F-96CB-B713C194D787}.Release|Any CPU.ActiveCfg = Release|Any CPU
		{E9D1F6E1-4CE3-4E7F-96CB-B713C194D787}.Release|Any CPU.Build.0 = Release|Any CPU
		{C0457D0B-097E-4AD9-BF63-3436E6AA2058}.Debug|Any CPU.ActiveCfg = Debug|Any CPU
		{C0457D0B-097E-4AD9-BF63-3436E6AA2058}.Debug|Any CPU.Build.0 = Debug|Any CPU
		{C0457D0B-097E-4AD9-BF63-3436E6AA2058}.Release|Any CPU.ActiveCfg = Release|Any CPU
		{C0457D0B-097E-4AD9-BF63-3436E6AA2058}.Release|Any CPU.Build.0 = Release|Any CPU
		{B844114D-1EAF-471C-AECE-7E1658528A9A}.Debug|Any CPU.ActiveCfg = Debug|Any CPU
		{B844114D-1EAF-471C-AECE-7E1658528A9A}.Debug|Any CPU.Build.0 = Debug|Any CPU
		{B844114D-1EAF-471C-AECE-7E1658528A9A}.Release|Any CPU.ActiveCfg = Release|Any CPU
		{B844114D-1EAF-471C-AECE-7E1658528A9A}.Release|Any CPU.Build.0 = Release|Any CPU
		{75BF79FE-11F1-4D41-BABA-EF1FEDEC977F}.Debug|Any CPU.ActiveCfg = Debug|Any CPU
		{75BF79FE-11F1-4D41-BABA-EF1FEDEC977F}.Debug|Any CPU.Build.0 = Debug|Any CPU
		{75BF79FE-11F1-4D41-BABA-EF1FEDEC977F}.Release|Any CPU.ActiveCfg = Release|Any CPU
		{75BF79FE-11F1-4D41-BABA-EF1FEDEC977F}.Release|Any CPU.Build.0 = Release|Any CPU
		{03729988-E41A-4C3D-952C-F918776569F8}.Debug|Any CPU.ActiveCfg = Debug|Any CPU
		{03729988-E41A-4C3D-952C-F918776569F8}.Debug|Any CPU.Build.0 = Debug|Any CPU
		{03729988-E41A-4C3D-952C-F918776569F8}.Release|Any CPU.ActiveCfg = Release|Any CPU
		{03729988-E41A-4C3D-952C-F918776569F8}.Release|Any CPU.Build.0 = Release|Any CPU
		{55557180-5AEA-4194-B4E4-E057EDF59E44}.Debug|Any CPU.ActiveCfg = Debug|Any CPU
		{55557180-5AEA-4194-B4E4-E057EDF59E44}.Debug|Any CPU.Build.0 = Debug|Any CPU
		{55557180-5AEA-4194-B4E4-E057EDF59E44}.Release|Any CPU.ActiveCfg = Release|Any CPU
		{55557180-5AEA-4194-B4E4-E057EDF59E44}.Release|Any CPU.Build.0 = Release|Any CPU
		{4B88D126-D417-44EA-9279-123293202BEA}.Debug|Any CPU.ActiveCfg = Debug|Any CPU
		{4B88D126-D417-44EA-9279-123293202BEA}.Debug|Any CPU.Build.0 = Debug|Any CPU
		{4B88D126-D417-44EA-9279-123293202BEA}.Release|Any CPU.ActiveCfg = Release|Any CPU
		{4B88D126-D417-44EA-9279-123293202BEA}.Release|Any CPU.Build.0 = Release|Any CPU
	EndGlobalSection
	GlobalSection(SolutionProperties) = preSolution
		HideSolutionNode = FALSE
	EndGlobalSection
	GlobalSection(NestedProjects) = preSolution
		{A6D995D1-7C48-444D-89A3-BF8EEBC1A3E1} = {1805282C-6ECF-44ED-A300-5AA9FC7E5A84}
		{208C53FD-F75D-414E-B98A-4F845941925A} = {D45D4FDE-BD6B-4A05-A70B-4EA4BA38F213}
		{E477F395-0402-4F4E-A9E8-320FEF45DEE9} = {7E12E5E6-A6D7-4603-BC05-9956BE8BD406}
		{C209D649-4457-4317-949B-F1451EB5462B} = {3BDF1349-CC50-45F8-A5C8-5B01D13C6399}
		{F70C5DDE-1D7E-41BE-9207-56005F89E628} = {3249A53B-D465-449E-9E5E-3E1279571127}
		{DE407471-F98D-4432-93B4-444D8F580E81} = {3249A53B-D465-449E-9E5E-3E1279571127}
		{2B119F5B-1327-4BC2-BECF-FB30700AD58B} = {3249A53B-D465-449E-9E5E-3E1279571127}
		{FCDC3472-5B3E-4B71-BD06-FA6F685D585A} = {DE407471-F98D-4432-93B4-444D8F580E81}
		{E9D1F6E1-4CE3-4E7F-96CB-B713C194D787} = {F70C5DDE-1D7E-41BE-9207-56005F89E628}
		{C0457D0B-097E-4AD9-BF63-3436E6AA2058} = {2B119F5B-1327-4BC2-BECF-FB30700AD58B}
		{B844114D-1EAF-471C-AECE-7E1658528A9A} = {B202C8EC-9EF7-4840-845B-24A2A691D5B7}
		{BDF49ADD-F364-4430-8B43-AB39E8AB5D6B} = {3249A53B-D465-449E-9E5E-3E1279571127}
		{75BF79FE-11F1-4D41-BABA-EF1FEDEC977F} = {BDF49ADD-F364-4430-8B43-AB39E8AB5D6B}
		{C49385B1-6BCF-461E-8CE9-518E94E26F0E} = {1805282C-6ECF-44ED-A300-5AA9FC7E5A84}
		{03729988-E41A-4C3D-952C-F918776569F8} = {C49385B1-6BCF-461E-8CE9-518E94E26F0E}
		{55557180-5AEA-4194-B4E4-E057EDF59E44} = {A6D995D1-7C48-444D-89A3-BF8EEBC1A3E1}
		{3E4DAB81-997C-467F-9E89-690E9688EC3B} = {1805282C-6ECF-44ED-A300-5AA9FC7E5A84}
		{4B88D126-D417-44EA-9279-123293202BEA} = {3E4DAB81-997C-467F-9E89-690E9688EC3B}
	EndGlobalSection
	GlobalSection(ExtensibilityGlobals) = postSolution
		SolutionGuid = {BDD8EC4F-90A6-4C9D-8B0D-021C091C13AF}
	EndGlobalSection
EndGlobal
